// !$*UTF8*$!
{
	archiveVersion = 1;
	classes = {
	};
	objectVersion = 50;
	objects = {

/* Begin PBXBuildFile section */
		E247F2112664D38C004CB12F /* DPSIMSDK.h in Headers */ = {isa = PBXBuildFile; fileRef = E247F20F2664D38C004CB12F /* DPSIMSDK.h */; settings = {ATTRIBUTES = (Public, ); }; };
		E247F26D2664D8DD004CB12F /* DPSIMAPI.h in Headers */ = {isa = PBXBuildFile; fileRef = E247F26B2664D8DD004CB12F /* DPSIMAPI.h */; settings = {ATTRIBUTES = (Public, ); }; };
		E247F26E2664D8DD004CB12F /* DPSIMAPI.m in Sources */ = {isa = PBXBuildFile; fileRef = E247F26C2664D8DD004CB12F /* DPSIMAPI.m */; };
		E2A254BC2665D4FF008CF85D /* DPSIMSingleton.h in Headers */ = {isa = PBXBuildFile; fileRef = E2A254BA2665D4FF008CF85D /* DPSIMSingleton.h */; };
		E2A254BD2665D4FF008CF85D /* DPSIMSingleton.m in Sources */ = {isa = PBXBuildFile; fileRef = E2A254BB2665D4FF008CF85D /* DPSIMSingleton.m */; };
		E2A254C22665D59A008CF85D /* DPSIMSocketManager.h in Headers */ = {isa = PBXBuildFile; fileRef = E2A254C02665D59A008CF85D /* DPSIMSocketManager.h */; };
		E2A254C32665D59A008CF85D /* DPSIMSocketManager.m in Sources */ = {isa = PBXBuildFile; fileRef = E2A254C12665D59A008CF85D /* DPSIMSocketManager.m */; };
		E2A254DB2665E561008CF85D /* DPSIMAPIManager.h in Headers */ = {isa = PBXBuildFile; fileRef = E2A254D92665E561008CF85D /* DPSIMAPIManager.h */; };
		E2A254DC2665E561008CF85D /* DPSIMAPIManager.m in Sources */ = {isa = PBXBuildFile; fileRef = E2A254DA2665E561008CF85D /* DPSIMAPIManager.m */; };
		E2BCC37F266E1624000A908F /* Person.pbobjc.h in Headers */ = {isa = PBXBuildFile; fileRef = E2BCC37E266E1624000A908F /* Person.pbobjc.h */; };
		E2BCC382266E162B000A908F /* Person.proto in Sources */ = {isa = PBXBuildFile; fileRef = E2BCC381266E162B000A908F /* Person.proto */; settings = {COMPILER_FLAGS = "-fno-objc-arc"; }; };
		E2BCC396266E166F000A908F /* libProtocolBuffers.a in Frameworks */ = {isa = PBXBuildFile; fileRef = E2BCC38C266E165B000A908F /* libProtocolBuffers.a */; };
		E2BCC39B266E18F8000A908F /* Person.pbobjc.m in Sources */ = {isa = PBXBuildFile; fileRef = E2BCC39A266E18F8000A908F /* Person.pbobjc.m */; };
		E2BCC53D2671E3E7000A908F /* DPSIMPrefixHeader.pch in Headers */ = {isa = PBXBuildFile; fileRef = E2BCC53C2671E3E7000A908F /* DPSIMPrefixHeader.pch */; };
		E2BCC5432671E55C000A908F /* DPSIMMessageModel.h in Headers */ = {isa = PBXBuildFile; fileRef = E2BCC5412671E55C000A908F /* DPSIMMessageModel.h */; };
		E2BCC5442671E55C000A908F /* DPSIMMessageModel.m in Sources */ = {isa = PBXBuildFile; fileRef = E2BCC5422671E55C000A908F /* DPSIMMessageModel.m */; };
		E2DE01D62679D4DA00F1D656 /* DPSIMUserDefaults.h in Headers */ = {isa = PBXBuildFile; fileRef = E2DE01D42679D4DA00F1D656 /* DPSIMUserDefaults.h */; };
		E2DE01D72679D4DA00F1D656 /* DPSIMUserDefaults.m in Sources */ = {isa = PBXBuildFile; fileRef = E2DE01D52679D4DA00F1D656 /* DPSIMUserDefaults.m */; };
		E2DE01DF2679D8A400F1D656 /* DPSIMTools.h in Headers */ = {isa = PBXBuildFile; fileRef = E2DE01DD2679D8A400F1D656 /* DPSIMTools.h */; };
		E2DE01E02679D8A400F1D656 /* DPSIMTools.m in Sources */ = {isa = PBXBuildFile; fileRef = E2DE01DE2679D8A400F1D656 /* DPSIMTools.m */; };
		E2DE01F12679D8EF00F1D656 /* AFSecurityPolicy.h in Headers */ = {isa = PBXBuildFile; fileRef = E2DE01E32679D8EF00F1D656 /* AFSecurityPolicy.h */; };
		E2DE01F22679D8EF00F1D656 /* AFNetworkReachabilityManager.h in Headers */ = {isa = PBXBuildFile; fileRef = E2DE01E42679D8EF00F1D656 /* AFNetworkReachabilityManager.h */; };
		E2DE01F32679D8EF00F1D656 /* AFURLSessionManager.h in Headers */ = {isa = PBXBuildFile; fileRef = E2DE01E52679D8EF00F1D656 /* AFURLSessionManager.h */; };
		E2DE01F42679D8EF00F1D656 /* AFURLRequestSerialization.h in Headers */ = {isa = PBXBuildFile; fileRef = E2DE01E62679D8EF00F1D656 /* AFURLRequestSerialization.h */; };
		E2DE01F52679D8EF00F1D656 /* AFURLResponseSerialization.m in Sources */ = {isa = PBXBuildFile; fileRef = E2DE01E72679D8EF00F1D656 /* AFURLResponseSerialization.m */; };
		E2DE01F62679D8EF00F1D656 /* AFHTTPSessionManager.m in Sources */ = {isa = PBXBuildFile; fileRef = E2DE01E82679D8EF00F1D656 /* AFHTTPSessionManager.m */; };
		E2DE01F72679D8EF00F1D656 /* AFURLResponseSerialization.h in Headers */ = {isa = PBXBuildFile; fileRef = E2DE01E92679D8EF00F1D656 /* AFURLResponseSerialization.h */; };
		E2DE01F82679D8EF00F1D656 /* AFURLSessionManager.m in Sources */ = {isa = PBXBuildFile; fileRef = E2DE01EA2679D8EF00F1D656 /* AFURLSessionManager.m */; };
		E2DE01F92679D8EF00F1D656 /* AFURLRequestSerialization.m in Sources */ = {isa = PBXBuildFile; fileRef = E2DE01EB2679D8EF00F1D656 /* AFURLRequestSerialization.m */; };
		E2DE01FA2679D8EF00F1D656 /* AFNetworking.h in Headers */ = {isa = PBXBuildFile; fileRef = E2DE01EC2679D8EF00F1D656 /* AFNetworking.h */; };
		E2DE01FB2679D8EF00F1D656 /* AFNetworkReachabilityManager.m in Sources */ = {isa = PBXBuildFile; fileRef = E2DE01ED2679D8EF00F1D656 /* AFNetworkReachabilityManager.m */; };
		E2DE01FC2679D8EF00F1D656 /* AFSecurityPolicy.m in Sources */ = {isa = PBXBuildFile; fileRef = E2DE01EE2679D8EF00F1D656 /* AFSecurityPolicy.m */; };
		E2DE01FD2679D8EF00F1D656 /* AFCompatibilityMacros.h in Headers */ = {isa = PBXBuildFile; fileRef = E2DE01EF2679D8EF00F1D656 /* AFCompatibilityMacros.h */; };
		E2DE01FE2679D8EF00F1D656 /* AFHTTPSessionManager.h in Headers */ = {isa = PBXBuildFile; fileRef = E2DE01F02679D8EF00F1D656 /* AFHTTPSessionManager.h */; };
		E2DE02022679D91A00F1D656 /* DPSIMNetworking.h in Headers */ = {isa = PBXBuildFile; fileRef = E2DE02002679D91A00F1D656 /* DPSIMNetworking.h */; };
		E2DE02032679D91A00F1D656 /* DPSIMNetworking.m in Sources */ = {isa = PBXBuildFile; fileRef = E2DE02012679D91A00F1D656 /* DPSIMNetworking.m */; };
		E2F6E46B266A20A30013FED3 /* GCDAsyncSocket.h in Headers */ = {isa = PBXBuildFile; fileRef = E2F6E469266A20A30013FED3 /* GCDAsyncSocket.h */; };
		E2F6E46C266A20A30013FED3 /* GCDAsyncSocket.m in Sources */ = {isa = PBXBuildFile; fileRef = E2F6E46A266A20A30013FED3 /* GCDAsyncSocket.m */; };
/* End PBXBuildFile section */

/* Begin PBXContainerItemProxy section */
		E2BCC38B266E165B000A908F /* PBXContainerItemProxy */ = {
			isa = PBXContainerItemProxy;
			containerPortal = E2BCC384266E165B000A908F /* ProtocolBuffers_iOS.xcodeproj */;
			proxyType = 2;
			remoteGlobalIDString = 7461B52E0F94FAF800A0C422;
			remoteInfo = ProtocolBuffers;
		};
		E2BCC38D266E165B000A908F /* PBXContainerItemProxy */ = {
			isa = PBXContainerItemProxy;
			containerPortal = E2BCC384266E165B000A908F /* ProtocolBuffers_iOS.xcodeproj */;
			proxyType = 2;
			remoteGlobalIDString = 8BBEA4A6147C727100C4ADB7;
			remoteInfo = UnitTests;
		};
		E2BCC38F266E165B000A908F /* PBXContainerItemProxy */ = {
			isa = PBXContainerItemProxy;
			containerPortal = E2BCC384266E165B000A908F /* ProtocolBuffers_iOS.xcodeproj */;
			proxyType = 2;
			remoteGlobalIDString = F4487C6E1A9F8F8100531423;
			remoteInfo = TestSingleSourceBuild;
		};
/* End PBXContainerItemProxy section */

/* Begin PBXFileReference section */
		E247F20C2664D38C004CB12F /* DPSIMSDK.framework */ = {isa = PBXFileReference; explicitFileType = wrapper.framework; includeInIndex = 0; path = DPSIMSDK.framework; sourceTree = BUILT_PRODUCTS_DIR; };
		E247F20F2664D38C004CB12F /* DPSIMSDK.h */ = {isa = PBXFileReference; lastKnownFileType = sourcecode.c.h; path = DPSIMSDK.h; sourceTree = "<group>"; };
		E247F2102664D38C004CB12F /* Info.plist */ = {isa = PBXFileReference; lastKnownFileType = text.plist.xml; path = Info.plist; sourceTree = "<group>"; };
		E247F26B2664D8DD004CB12F /* DPSIMAPI.h */ = {isa = PBXFileReference; lastKnownFileType = sourcecode.c.h; path = DPSIMAPI.h; sourceTree = "<group>"; };
		E247F26C2664D8DD004CB12F /* DPSIMAPI.m */ = {isa = PBXFileReference; lastKnownFileType = sourcecode.c.objc; path = DPSIMAPI.m; sourceTree = "<group>"; };
		E2A254BA2665D4FF008CF85D /* DPSIMSingleton.h */ = {isa = PBXFileReference; lastKnownFileType = sourcecode.c.h; path = DPSIMSingleton.h; sourceTree = "<group>"; };
		E2A254BB2665D4FF008CF85D /* DPSIMSingleton.m */ = {isa = PBXFileReference; lastKnownFileType = sourcecode.c.objc; path = DPSIMSingleton.m; sourceTree = "<group>"; };
		E2A254C02665D59A008CF85D /* DPSIMSocketManager.h */ = {isa = PBXFileReference; lastKnownFileType = sourcecode.c.h; path = DPSIMSocketManager.h; sourceTree = "<group>"; };
		E2A254C12665D59A008CF85D /* DPSIMSocketManager.m */ = {isa = PBXFileReference; lastKnownFileType = sourcecode.c.objc; path = DPSIMSocketManager.m; sourceTree = "<group>"; };
		E2A254D92665E561008CF85D /* DPSIMAPIManager.h */ = {isa = PBXFileReference; lastKnownFileType = sourcecode.c.h; path = DPSIMAPIManager.h; sourceTree = "<group>"; };
		E2A254DA2665E561008CF85D /* DPSIMAPIManager.m */ = {isa = PBXFileReference; lastKnownFileType = sourcecode.c.objc; path = DPSIMAPIManager.m; sourceTree = "<group>"; };
		E2BCC37E266E1624000A908F /* Person.pbobjc.h */ = {isa = PBXFileReference; fileEncoding = 4; lastKnownFileType = sourcecode.c.h; path = Person.pbobjc.h; sourceTree = "<group>"; };
		E2BCC381266E162B000A908F /* Person.proto */ = {isa = PBXFileReference; fileEncoding = 4; lastKnownFileType = sourcecode.protobuf; path = Person.proto; sourceTree = "<group>"; };
		E2BCC384266E165B000A908F /* ProtocolBuffers_iOS.xcodeproj */ = {isa = PBXFileReference; lastKnownFileType = "wrapper.pb-project"; name = ProtocolBuffers_iOS.xcodeproj; path = "../../../../Desktop/protobuf-3.17.1/objectivec/ProtocolBuffers_iOS.xcodeproj"; sourceTree = "<group>"; };
		E2BCC39A266E18F8000A908F /* Person.pbobjc.m */ = {isa = PBXFileReference; fileEncoding = 4; lastKnownFileType = sourcecode.c.objc; path = Person.pbobjc.m; sourceTree = "<group>"; };
		E2BCC53C2671E3E7000A908F /* DPSIMPrefixHeader.pch */ = {isa = PBXFileReference; lastKnownFileType = sourcecode.c.h; path = DPSIMPrefixHeader.pch; sourceTree = "<group>"; };
		E2BCC5412671E55C000A908F /* DPSIMMessageModel.h */ = {isa = PBXFileReference; lastKnownFileType = sourcecode.c.h; path = DPSIMMessageModel.h; sourceTree = "<group>"; };
		E2BCC5422671E55C000A908F /* DPSIMMessageModel.m */ = {isa = PBXFileReference; lastKnownFileType = sourcecode.c.objc; path = DPSIMMessageModel.m; sourceTree = "<group>"; };
		E2DE01D42679D4DA00F1D656 /* DPSIMUserDefaults.h */ = {isa = PBXFileReference; lastKnownFileType = sourcecode.c.h; path = DPSIMUserDefaults.h; sourceTree = "<group>"; };
		E2DE01D52679D4DA00F1D656 /* DPSIMUserDefaults.m */ = {isa = PBXFileReference; lastKnownFileType = sourcecode.c.objc; path = DPSIMUserDefaults.m; sourceTree = "<group>"; };
		E2DE01DD2679D8A400F1D656 /* DPSIMTools.h */ = {isa = PBXFileReference; lastKnownFileType = sourcecode.c.h; path = DPSIMTools.h; sourceTree = "<group>"; };
		E2DE01DE2679D8A400F1D656 /* DPSIMTools.m */ = {isa = PBXFileReference; lastKnownFileType = sourcecode.c.objc; path = DPSIMTools.m; sourceTree = "<group>"; };
		E2DE01E32679D8EF00F1D656 /* AFSecurityPolicy.h */ = {isa = PBXFileReference; fileEncoding = 4; lastKnownFileType = sourcecode.c.h; path = AFSecurityPolicy.h; sourceTree = "<group>"; };
		E2DE01E42679D8EF00F1D656 /* AFNetworkReachabilityManager.h */ = {isa = PBXFileReference; fileEncoding = 4; lastKnownFileType = sourcecode.c.h; path = AFNetworkReachabilityManager.h; sourceTree = "<group>"; };
		E2DE01E52679D8EF00F1D656 /* AFURLSessionManager.h */ = {isa = PBXFileReference; fileEncoding = 4; lastKnownFileType = sourcecode.c.h; path = AFURLSessionManager.h; sourceTree = "<group>"; };
		E2DE01E62679D8EF00F1D656 /* AFURLRequestSerialization.h */ = {isa = PBXFileReference; fileEncoding = 4; lastKnownFileType = sourcecode.c.h; path = AFURLRequestSerialization.h; sourceTree = "<group>"; };
		E2DE01E72679D8EF00F1D656 /* AFURLResponseSerialization.m */ = {isa = PBXFileReference; fileEncoding = 4; lastKnownFileType = sourcecode.c.objc; path = AFURLResponseSerialization.m; sourceTree = "<group>"; };
		E2DE01E82679D8EF00F1D656 /* AFHTTPSessionManager.m */ = {isa = PBXFileReference; fileEncoding = 4; lastKnownFileType = sourcecode.c.objc; path = AFHTTPSessionManager.m; sourceTree = "<group>"; };
		E2DE01E92679D8EF00F1D656 /* AFURLResponseSerialization.h */ = {isa = PBXFileReference; fileEncoding = 4; lastKnownFileType = sourcecode.c.h; path = AFURLResponseSerialization.h; sourceTree = "<group>"; };
		E2DE01EA2679D8EF00F1D656 /* AFURLSessionManager.m */ = {isa = PBXFileReference; fileEncoding = 4; lastKnownFileType = sourcecode.c.objc; path = AFURLSessionManager.m; sourceTree = "<group>"; };
		E2DE01EB2679D8EF00F1D656 /* AFURLRequestSerialization.m */ = {isa = PBXFileReference; fileEncoding = 4; lastKnownFileType = sourcecode.c.objc; path = AFURLRequestSerialization.m; sourceTree = "<group>"; };
		E2DE01EC2679D8EF00F1D656 /* AFNetworking.h */ = {isa = PBXFileReference; fileEncoding = 4; lastKnownFileType = sourcecode.c.h; path = AFNetworking.h; sourceTree = "<group>"; };
		E2DE01ED2679D8EF00F1D656 /* AFNetworkReachabilityManager.m */ = {isa = PBXFileReference; fileEncoding = 4; lastKnownFileType = sourcecode.c.objc; path = AFNetworkReachabilityManager.m; sourceTree = "<group>"; };
		E2DE01EE2679D8EF00F1D656 /* AFSecurityPolicy.m */ = {isa = PBXFileReference; fileEncoding = 4; lastKnownFileType = sourcecode.c.objc; path = AFSecurityPolicy.m; sourceTree = "<group>"; };
		E2DE01EF2679D8EF00F1D656 /* AFCompatibilityMacros.h */ = {isa = PBXFileReference; fileEncoding = 4; lastKnownFileType = sourcecode.c.h; path = AFCompatibilityMacros.h; sourceTree = "<group>"; };
		E2DE01F02679D8EF00F1D656 /* AFHTTPSessionManager.h */ = {isa = PBXFileReference; fileEncoding = 4; lastKnownFileType = sourcecode.c.h; path = AFHTTPSessionManager.h; sourceTree = "<group>"; };
		E2DE02002679D91A00F1D656 /* DPSIMNetworking.h */ = {isa = PBXFileReference; lastKnownFileType = sourcecode.c.h; path = DPSIMNetworking.h; sourceTree = "<group>"; };
		E2DE02012679D91A00F1D656 /* DPSIMNetworking.m */ = {isa = PBXFileReference; lastKnownFileType = sourcecode.c.objc; path = DPSIMNetworking.m; sourceTree = "<group>"; };
		E2F6E469266A20A30013FED3 /* GCDAsyncSocket.h */ = {isa = PBXFileReference; fileEncoding = 4; lastKnownFileType = sourcecode.c.h; path = GCDAsyncSocket.h; sourceTree = "<group>"; };
		E2F6E46A266A20A30013FED3 /* GCDAsyncSocket.m */ = {isa = PBXFileReference; fileEncoding = 4; lastKnownFileType = sourcecode.c.objc; path = GCDAsyncSocket.m; sourceTree = "<group>"; };
/* End PBXFileReference section */

/* Begin PBXFrameworksBuildPhase section */
		E247F2092664D38C004CB12F /* Frameworks */ = {
			isa = PBXFrameworksBuildPhase;
			buildActionMask = 2147483647;
			files = (
				E2BCC396266E166F000A908F /* libProtocolBuffers.a in Frameworks */,
			);
			runOnlyForDeploymentPostprocessing = 0;
		};
/* End PBXFrameworksBuildPhase section */

/* Begin PBXGroup section */
		E247F2022664D38C004CB12F = {
			isa = PBXGroup;
			children = (
				E247F20E2664D38C004CB12F /* DPSIMSDK */,
				E247F20D2664D38C004CB12F /* Products */,
				E2BCC395266E166F000A908F /* Frameworks */,
			);
			sourceTree = "<group>";
		};
		E247F20D2664D38C004CB12F /* Products */ = {
			isa = PBXGroup;
			children = (
				E247F20C2664D38C004CB12F /* DPSIMSDK.framework */,
			);
			name = Products;
			sourceTree = "<group>";
		};
		E247F20E2664D38C004CB12F /* DPSIMSDK */ = {
			isa = PBXGroup;
			children = (
				E2BCC37B266E15BC000A908F /* ProtobufLib */,
				E247F20F2664D38C004CB12F /* DPSIMSDK.h */,
				E247F2102664D38C004CB12F /* Info.plist */,
				E247F2692664D896004CB12F /* Classes */,
				E2A254AE2665D1CD008CF85D /* Socket */,
				E2BCC5472671EB92000A908F /* ThirdLib */,
			);
			path = DPSIMSDK;
			sourceTree = "<group>";
		};
		E247F2692664D896004CB12F /* Classes */ = {
			isa = PBXGroup;
			children = (
				E247F26B2664D8DD004CB12F /* DPSIMAPI.h */,
				E247F26C2664D8DD004CB12F /* DPSIMAPI.m */,
				E2A254D92665E561008CF85D /* DPSIMAPIManager.h */,
				E2A254DA2665E561008CF85D /* DPSIMAPIManager.m */,
				E2A254C02665D59A008CF85D /* DPSIMSocketManager.h */,
				E2A254C12665D59A008CF85D /* DPSIMSocketManager.m */,
				E2A254BA2665D4FF008CF85D /* DPSIMSingleton.h */,
				E2A254BB2665D4FF008CF85D /* DPSIMSingleton.m */,
				E2BCC5362671E326000A908F /* Model */,
				E2BCC53B2671E3AD000A908F /* Tools */,
				E2BCC37D266E15FF000A908F /* protobufOut */,
				E2BCC37C266E15FF000A908F /* protobufSource */,
			);
			path = Classes;
			sourceTree = "<group>";
		};
		E2A254AE2665D1CD008CF85D /* Socket */ = {
			isa = PBXGroup;
			children = (
				E2F6E469266A20A30013FED3 /* GCDAsyncSocket.h */,
				E2F6E46A266A20A30013FED3 /* GCDAsyncSocket.m */,
			);
			path = Socket;
			sourceTree = "<group>";
		};
		E2BCC37B266E15BC000A908F /* ProtobufLib */ = {
			isa = PBXGroup;
			children = (
				E2BCC384266E165B000A908F /* ProtocolBuffers_iOS.xcodeproj */,
			);
			path = ProtobufLib;
			sourceTree = "<group>";
		};
		E2BCC37C266E15FF000A908F /* protobufSource */ = {
			isa = PBXGroup;
			children = (
				E2BCC381266E162B000A908F /* Person.proto */,
			);
			path = protobufSource;
			sourceTree = "<group>";
		};
		E2BCC37D266E15FF000A908F /* protobufOut */ = {
			isa = PBXGroup;
			children = (
				E2BCC37E266E1624000A908F /* Person.pbobjc.h */,
				E2BCC39A266E18F8000A908F /* Person.pbobjc.m */,
			);
			path = protobufOut;
			sourceTree = "<group>";
		};
		E2BCC385266E165B000A908F /* Products */ = {
			isa = PBXGroup;
			children = (
				E2BCC38C266E165B000A908F /* libProtocolBuffers.a */,
				E2BCC38E266E165B000A908F /* UnitTests.xctest */,
				E2BCC390266E165B000A908F /* libTestSingleSourceBuild.a */,
			);
			name = Products;
			sourceTree = "<group>";
		};
		E2BCC395266E166F000A908F /* Frameworks */ = {
			isa = PBXGroup;
			children = (
			);
			name = Frameworks;
			sourceTree = "<group>";
		};
		E2BCC5362671E326000A908F /* Model */ = {
			isa = PBXGroup;
			children = (
				E2BCC5412671E55C000A908F /* DPSIMMessageModel.h */,
				E2BCC5422671E55C000A908F /* DPSIMMessageModel.m */,
			);
			path = Model;
			sourceTree = "<group>";
		};
		E2BCC53B2671E3AD000A908F /* Tools */ = {
			isa = PBXGroup;
			children = (
				E2BCC53C2671E3E7000A908F /* DPSIMPrefixHeader.pch */,
				E2DE01D42679D4DA00F1D656 /* DPSIMUserDefaults.h */,
				E2DE01D52679D4DA00F1D656 /* DPSIMUserDefaults.m */,
				E2DE01DD2679D8A400F1D656 /* DPSIMTools.h */,
				E2DE01DE2679D8A400F1D656 /* DPSIMTools.m */,
				E2DE02002679D91A00F1D656 /* DPSIMNetworking.h */,
				E2DE02012679D91A00F1D656 /* DPSIMNetworking.m */,
			);
			path = Tools;
			sourceTree = "<group>";
		};
		E2BCC5472671EB92000A908F /* ThirdLib */ = {
			isa = PBXGroup;
			children = (
				E2DE01E22679D8EF00F1D656 /* AFNetworking */,
			);
			path = ThirdLib;
			sourceTree = "<group>";
		};
		E2DE01E22679D8EF00F1D656 /* AFNetworking */ = {
			isa = PBXGroup;
			children = (
				E2DE01E32679D8EF00F1D656 /* AFSecurityPolicy.h */,
				E2DE01E42679D8EF00F1D656 /* AFNetworkReachabilityManager.h */,
				E2DE01E52679D8EF00F1D656 /* AFURLSessionManager.h */,
				E2DE01E62679D8EF00F1D656 /* AFURLRequestSerialization.h */,
				E2DE01E72679D8EF00F1D656 /* AFURLResponseSerialization.m */,
				E2DE01E82679D8EF00F1D656 /* AFHTTPSessionManager.m */,
				E2DE01E92679D8EF00F1D656 /* AFURLResponseSerialization.h */,
				E2DE01EA2679D8EF00F1D656 /* AFURLSessionManager.m */,
				E2DE01EB2679D8EF00F1D656 /* AFURLRequestSerialization.m */,
				E2DE01EC2679D8EF00F1D656 /* AFNetworking.h */,
				E2DE01ED2679D8EF00F1D656 /* AFNetworkReachabilityManager.m */,
				E2DE01EE2679D8EF00F1D656 /* AFSecurityPolicy.m */,
				E2DE01EF2679D8EF00F1D656 /* AFCompatibilityMacros.h */,
				E2DE01F02679D8EF00F1D656 /* AFHTTPSessionManager.h */,
			);
			path = AFNetworking;
			sourceTree = "<group>";
		};
/* End PBXGroup section */

/* Begin PBXHeadersBuildPhase section */
		E247F2072664D38C004CB12F /* Headers */ = {
			isa = PBXHeadersBuildPhase;
			buildActionMask = 2147483647;
			files = (
				E2DE01F32679D8EF00F1D656 /* AFURLSessionManager.h in Headers */,
				E2DE01DF2679D8A400F1D656 /* DPSIMTools.h in Headers */,
				E2DE01F22679D8EF00F1D656 /* AFNetworkReachabilityManager.h in Headers */,
				E247F26D2664D8DD004CB12F /* DPSIMAPI.h in Headers */,
				E2A254DB2665E561008CF85D /* DPSIMAPIManager.h in Headers */,
				E2DE01F12679D8EF00F1D656 /* AFSecurityPolicy.h in Headers */,
				E2BCC53D2671E3E7000A908F /* DPSIMPrefixHeader.pch in Headers */,
				E2DE01D62679D4DA00F1D656 /* DPSIMUserDefaults.h in Headers */,
				E2DE02022679D91A00F1D656 /* DPSIMNetworking.h in Headers */,
				E247F2112664D38C004CB12F /* DPSIMSDK.h in Headers */,
				E2DE01FA2679D8EF00F1D656 /* AFNetworking.h in Headers */,
				E2DE01F72679D8EF00F1D656 /* AFURLResponseSerialization.h in Headers */,
				E2DE01FE2679D8EF00F1D656 /* AFHTTPSessionManager.h in Headers */,
				E2DE01FD2679D8EF00F1D656 /* AFCompatibilityMacros.h in Headers */,
				E2A254C22665D59A008CF85D /* DPSIMSocketManager.h in Headers */,
				E2BCC37F266E1624000A908F /* Person.pbobjc.h in Headers */,
				E2A254BC2665D4FF008CF85D /* DPSIMSingleton.h in Headers */,
				E2DE01F42679D8EF00F1D656 /* AFURLRequestSerialization.h in Headers */,
				E2BCC5432671E55C000A908F /* DPSIMMessageModel.h in Headers */,
				E2F6E46B266A20A30013FED3 /* GCDAsyncSocket.h in Headers */,
			);
			runOnlyForDeploymentPostprocessing = 0;
		};
/* End PBXHeadersBuildPhase section */

/* Begin PBXNativeTarget section */
		E247F20B2664D38C004CB12F /* DPSIMSDK */ = {
			isa = PBXNativeTarget;
			buildConfigurationList = E247F2142664D38C004CB12F /* Build configuration list for PBXNativeTarget "DPSIMSDK" */;
			buildPhases = (
				E247F2072664D38C004CB12F /* Headers */,
				E247F2082664D38C004CB12F /* Sources */,
				E247F2092664D38C004CB12F /* Frameworks */,
				E247F20A2664D38C004CB12F /* Resources */,
			);
			buildRules = (
			);
			dependencies = (
			);
			name = DPSIMSDK;
			productName = DPSIMSDK;
			productReference = E247F20C2664D38C004CB12F /* DPSIMSDK.framework */;
			productType = "com.apple.product-type.framework";
		};
/* End PBXNativeTarget section */

/* Begin PBXProject section */
		E247F2032664D38C004CB12F /* Project object */ = {
			isa = PBXProject;
			attributes = {
				LastUpgradeCheck = 1220;
				TargetAttributes = {
					E247F20B2664D38C004CB12F = {
						CreatedOnToolsVersion = 12.2;
					};
				};
			};
			buildConfigurationList = E247F2062664D38C004CB12F /* Build configuration list for PBXProject "DPSIMSDK" */;
			compatibilityVersion = "Xcode 9.3";
			developmentRegion = en;
			hasScannedForEncodings = 0;
			knownRegions = (
				en,
				Base,
			);
			mainGroup = E247F2022664D38C004CB12F;
			productRefGroup = E247F20D2664D38C004CB12F /* Products */;
			projectDirPath = "";
			projectReferences = (
				{
					ProductGroup = E2BCC385266E165B000A908F /* Products */;
					ProjectRef = E2BCC384266E165B000A908F /* ProtocolBuffers_iOS.xcodeproj */;
				},
			);
			projectRoot = "";
			targets = (
				E247F20B2664D38C004CB12F /* DPSIMSDK */,
			);
		};
/* End PBXProject section */

/* Begin PBXReferenceProxy section */
		E2BCC38C266E165B000A908F /* libProtocolBuffers.a */ = {
			isa = PBXReferenceProxy;
			fileType = archive.ar;
			path = libProtocolBuffers.a;
			remoteRef = E2BCC38B266E165B000A908F /* PBXContainerItemProxy */;
			sourceTree = BUILT_PRODUCTS_DIR;
		};
		E2BCC38E266E165B000A908F /* UnitTests.xctest */ = {
			isa = PBXReferenceProxy;
			fileType = wrapper.cfbundle;
			path = UnitTests.xctest;
			remoteRef = E2BCC38D266E165B000A908F /* PBXContainerItemProxy */;
			sourceTree = BUILT_PRODUCTS_DIR;
		};
		E2BCC390266E165B000A908F /* libTestSingleSourceBuild.a */ = {
			isa = PBXReferenceProxy;
			fileType = archive.ar;
			path = libTestSingleSourceBuild.a;
			remoteRef = E2BCC38F266E165B000A908F /* PBXContainerItemProxy */;
			sourceTree = BUILT_PRODUCTS_DIR;
		};
/* End PBXReferenceProxy section */

/* Begin PBXResourcesBuildPhase section */
		E247F20A2664D38C004CB12F /* Resources */ = {
			isa = PBXResourcesBuildPhase;
			buildActionMask = 2147483647;
			files = (
			);
			runOnlyForDeploymentPostprocessing = 0;
		};
/* End PBXResourcesBuildPhase section */

/* Begin PBXSourcesBuildPhase section */
		E247F2082664D38C004CB12F /* Sources */ = {
			isa = PBXSourcesBuildPhase;
			buildActionMask = 2147483647;
			files = (
				E2DE01D72679D4DA00F1D656 /* DPSIMUserDefaults.m in Sources */,
				E2BCC39B266E18F8000A908F /* Person.pbobjc.m in Sources */,
				E2BCC5442671E55C000A908F /* DPSIMMessageModel.m in Sources */,
				E2DE01F62679D8EF00F1D656 /* AFHTTPSessionManager.m in Sources */,
				E2DE01E02679D8A400F1D656 /* DPSIMTools.m in Sources */,
				E2DE01F92679D8EF00F1D656 /* AFURLRequestSerialization.m in Sources */,
				E2DE01F52679D8EF00F1D656 /* AFURLResponseSerialization.m in Sources */,
				E2DE01FB2679D8EF00F1D656 /* AFNetworkReachabilityManager.m in Sources */,
				E2A254C32665D59A008CF85D /* DPSIMSocketManager.m in Sources */,
				E2DE02032679D91A00F1D656 /* DPSIMNetworking.m in Sources */,
				E2F6E46C266A20A30013FED3 /* GCDAsyncSocket.m in Sources */,
				E2A254DC2665E561008CF85D /* DPSIMAPIManager.m in Sources */,
				E247F26E2664D8DD004CB12F /* DPSIMAPI.m in Sources */,
				E2DE01FC2679D8EF00F1D656 /* AFSecurityPolicy.m in Sources */,
				E2A254BD2665D4FF008CF85D /* DPSIMSingleton.m in Sources */,
				E2DE01F82679D8EF00F1D656 /* AFURLSessionManager.m in Sources */,
				E2BCC382266E162B000A908F /* Person.proto in Sources */,
			);
			runOnlyForDeploymentPostprocessing = 0;
		};
/* End PBXSourcesBuildPhase section */

/* Begin XCBuildConfiguration section */
		E247F2122664D38C004CB12F /* Debug */ = {
			isa = XCBuildConfiguration;
			buildSettings = {
				ALWAYS_SEARCH_USER_PATHS = NO;
				CLANG_ANALYZER_NONNULL = YES;
				CLANG_ANALYZER_NUMBER_OBJECT_CONVERSION = YES_AGGRESSIVE;
				CLANG_CXX_LANGUAGE_STANDARD = "gnu++14";
				CLANG_CXX_LIBRARY = "libc++";
				CLANG_ENABLE_MODULES = YES;
				CLANG_ENABLE_OBJC_ARC = YES;
				CLANG_ENABLE_OBJC_WEAK = YES;
				CLANG_WARN_BLOCK_CAPTURE_AUTORELEASING = YES;
				CLANG_WARN_BOOL_CONVERSION = YES;
				CLANG_WARN_COMMA = YES;
				CLANG_WARN_CONSTANT_CONVERSION = YES;
				CLANG_WARN_DEPRECATED_OBJC_IMPLEMENTATIONS = YES;
				CLANG_WARN_DIRECT_OBJC_ISA_USAGE = YES_ERROR;
				CLANG_WARN_DOCUMENTATION_COMMENTS = YES;
				CLANG_WARN_EMPTY_BODY = YES;
				CLANG_WARN_ENUM_CONVERSION = YES;
				CLANG_WARN_INFINITE_RECURSION = YES;
				CLANG_WARN_INT_CONVERSION = YES;
				CLANG_WARN_NON_LITERAL_NULL_CONVERSION = YES;
				CLANG_WARN_OBJC_IMPLICIT_RETAIN_SELF = YES;
				CLANG_WARN_OBJC_LITERAL_CONVERSION = YES;
				CLANG_WARN_OBJC_ROOT_CLASS = YES_ERROR;
				CLANG_WARN_QUOTED_INCLUDE_IN_FRAMEWORK_HEADER = YES;
				CLANG_WARN_RANGE_LOOP_ANALYSIS = YES;
				CLANG_WARN_STRICT_PROTOTYPES = YES;
				CLANG_WARN_SUSPICIOUS_MOVE = YES;
				CLANG_WARN_UNGUARDED_AVAILABILITY = YES_AGGRESSIVE;
				CLANG_WARN_UNREACHABLE_CODE = YES;
				CLANG_WARN__DUPLICATE_METHOD_MATCH = YES;
				COPY_PHASE_STRIP = NO;
				CURRENT_PROJECT_VERSION = 1;
				DEBUG_INFORMATION_FORMAT = dwarf;
				ENABLE_STRICT_OBJC_MSGSEND = YES;
				ENABLE_TESTABILITY = YES;
				GCC_C_LANGUAGE_STANDARD = gnu11;
				GCC_DYNAMIC_NO_PIC = NO;
				GCC_NO_COMMON_BLOCKS = YES;
				GCC_OPTIMIZATION_LEVEL = 0;
				GCC_PREPROCESSOR_DEFINITIONS = (
					"DEBUG=1",
					"$(inherited)",
				);
				GCC_WARN_64_TO_32_BIT_CONVERSION = YES;
				GCC_WARN_ABOUT_RETURN_TYPE = YES_ERROR;
				GCC_WARN_UNDECLARED_SELECTOR = YES;
				GCC_WARN_UNINITIALIZED_AUTOS = YES_AGGRESSIVE;
				GCC_WARN_UNUSED_FUNCTION = YES;
				GCC_WARN_UNUSED_VARIABLE = YES;
				IPHONEOS_DEPLOYMENT_TARGET = 14.2;
				MTL_ENABLE_DEBUG_INFO = INCLUDE_SOURCE;
				MTL_FAST_MATH = YES;
				ONLY_ACTIVE_ARCH = YES;
				SDKROOT = iphoneos;
				VERSIONING_SYSTEM = "apple-generic";
				VERSION_INFO_PREFIX = "";
			};
			name = Debug;
		};
		E247F2132664D38C004CB12F /* Release */ = {
			isa = XCBuildConfiguration;
			buildSettings = {
				ALWAYS_SEARCH_USER_PATHS = NO;
				CLANG_ANALYZER_NONNULL = YES;
				CLANG_ANALYZER_NUMBER_OBJECT_CONVERSION = YES_AGGRESSIVE;
				CLANG_CXX_LANGUAGE_STANDARD = "gnu++14";
				CLANG_CXX_LIBRARY = "libc++";
				CLANG_ENABLE_MODULES = YES;
				CLANG_ENABLE_OBJC_ARC = YES;
				CLANG_ENABLE_OBJC_WEAK = YES;
				CLANG_WARN_BLOCK_CAPTURE_AUTORELEASING = YES;
				CLANG_WARN_BOOL_CONVERSION = YES;
				CLANG_WARN_COMMA = YES;
				CLANG_WARN_CONSTANT_CONVERSION = YES;
				CLANG_WARN_DEPRECATED_OBJC_IMPLEMENTATIONS = YES;
				CLANG_WARN_DIRECT_OBJC_ISA_USAGE = YES_ERROR;
				CLANG_WARN_DOCUMENTATION_COMMENTS = YES;
				CLANG_WARN_EMPTY_BODY = YES;
				CLANG_WARN_ENUM_CONVERSION = YES;
				CLANG_WARN_INFINITE_RECURSION = YES;
				CLANG_WARN_INT_CONVERSION = YES;
				CLANG_WARN_NON_LITERAL_NULL_CONVERSION = YES;
				CLANG_WARN_OBJC_IMPLICIT_RETAIN_SELF = YES;
				CLANG_WARN_OBJC_LITERAL_CONVERSION = YES;
				CLANG_WARN_OBJC_ROOT_CLASS = YES_ERROR;
				CLANG_WARN_QUOTED_INCLUDE_IN_FRAMEWORK_HEADER = YES;
				CLANG_WARN_RANGE_LOOP_ANALYSIS = YES;
				CLANG_WARN_STRICT_PROTOTYPES = YES;
				CLANG_WARN_SUSPICIOUS_MOVE = YES;
				CLANG_WARN_UNGUARDED_AVAILABILITY = YES_AGGRESSIVE;
				CLANG_WARN_UNREACHABLE_CODE = YES;
				CLANG_WARN__DUPLICATE_METHOD_MATCH = YES;
				COPY_PHASE_STRIP = NO;
				CURRENT_PROJECT_VERSION = 1;
				DEBUG_INFORMATION_FORMAT = "dwarf-with-dsym";
				ENABLE_NS_ASSERTIONS = NO;
				ENABLE_STRICT_OBJC_MSGSEND = YES;
				GCC_C_LANGUAGE_STANDARD = gnu11;
				GCC_NO_COMMON_BLOCKS = YES;
				GCC_WARN_64_TO_32_BIT_CONVERSION = YES;
				GCC_WARN_ABOUT_RETURN_TYPE = YES_ERROR;
				GCC_WARN_UNDECLARED_SELECTOR = YES;
				GCC_WARN_UNINITIALIZED_AUTOS = YES_AGGRESSIVE;
				GCC_WARN_UNUSED_FUNCTION = YES;
				GCC_WARN_UNUSED_VARIABLE = YES;
				IPHONEOS_DEPLOYMENT_TARGET = 14.2;
				MTL_ENABLE_DEBUG_INFO = NO;
				MTL_FAST_MATH = YES;
				SDKROOT = iphoneos;
				VALIDATE_PRODUCT = YES;
				VERSIONING_SYSTEM = "apple-generic";
				VERSION_INFO_PREFIX = "";
			};
			name = Release;
		};
		E247F2152664D38C004CB12F /* Debug */ = {
			isa = XCBuildConfiguration;
			buildSettings = {
				CODE_SIGN_STYLE = Automatic;
				DEFINES_MODULE = YES;
				DYLIB_COMPATIBILITY_VERSION = 1;
				DYLIB_CURRENT_VERSION = 1;
				DYLIB_INSTALL_NAME_BASE = "@rpath";
				GCC_PREFIX_HEADER = /Users/dpstorm/ZHIMSDK/DPSIMSDK/DPSIMSDK/Classes/Tools/DPSIMPrefixHeader.pch;
				HEADER_SEARCH_PATHS = "$(PROJECT)/Protobuf";
				INFOPLIST_FILE = DPSIMSDK/Info.plist;
				INSTALL_PATH = "$(LOCAL_LIBRARY_DIR)/Frameworks";
				LD_RUNPATH_SEARCH_PATHS = (
					"$(inherited)",
					"@executable_path/Frameworks",
					"@loader_path/Frameworks",
				);
				PRODUCT_BUNDLE_IDENTIFIER = dpstorm.DPSIMSDK;
				PRODUCT_NAME = "$(TARGET_NAME:c99extidentifier)";
				SKIP_INSTALL = YES;
				TARGETED_DEVICE_FAMILY = "1,2";
			};
			name = Debug;
		};
		E247F2162664D38C004CB12F /* Release */ = {
			isa = XCBuildConfiguration;
			buildSettings = {
				CODE_SIGN_STYLE = Automatic;
				DEFINES_MODULE = YES;
				DYLIB_COMPATIBILITY_VERSION = 1;
				DYLIB_CURRENT_VERSION = 1;
				DYLIB_INSTALL_NAME_BASE = "@rpath";
				GCC_PREFIX_HEADER = /Users/dpstorm/ZHIMSDK/DPSIMSDK/DPSIMSDK/Classes/Tools/DPSIMPrefixHeader.pch;
				HEADER_SEARCH_PATHS = "$(PROJECT)/Protobuf";
				INFOPLIST_FILE = DPSIMSDK/Info.plist;
				INSTALL_PATH = "$(LOCAL_LIBRARY_DIR)/Frameworks";
				LD_RUNPATH_SEARCH_PATHS = (
					"$(inherited)",
					"@executable_path/Frameworks",
					"@loader_path/Frameworks",
				);
				PRODUCT_BUNDLE_IDENTIFIER = dpstorm.DPSIMSDK;
				PRODUCT_NAME = "$(TARGET_NAME:c99extidentifier)";
				SKIP_INSTALL = YES;
				TARGETED_DEVICE_FAMILY = "1,2";
			};
			name = Release;
		};
/* End XCBuildConfiguration section */

/* Begin XCConfigurationList section */
		E247F2062664D38C004CB12F /* Build configuration list for PBXProject "DPSIMSDK" */ = {
			isa = XCConfigurationList;
			buildConfigurations = (
				E247F2122664D38C004CB12F /* Debug */,
				E247F2132664D38C004CB12F /* Release */,
			);
			defaultConfigurationIsVisible = 0;
			defaultConfigurationName = Release;
		};
		E247F2142664D38C004CB12F /* Build configuration list for PBXNativeTarget "DPSIMSDK" */ = {
			isa = XCConfigurationList;
			buildConfigurations = (
				E247F2152664D38C004CB12F /* Debug */,
				E247F2162664D38C004CB12F /* Release */,
			);
			defaultConfigurationIsVisible = 0;
			defaultConfigurationName = Release;
		};
/* End XCConfigurationList section */
	};
	rootObject = E247F2032664D38C004CB12F /* Project object */;
}
